// !$*UTF8*$!
{
	archiveVersion = 1;
	classes = {
	};
	objectVersion = 46;
	objects = {

/* Begin PBXBuildFile section */
		F630682F1E55B90700E77634 /* AppDelegate.swift in Sources */ = {isa = PBXBuildFile; fileRef = F630682E1E55B90700E77634 /* AppDelegate.swift */; };
		F63068311E55B90700E77634 /* ViewController.swift in Sources */ = {isa = PBXBuildFile; fileRef = F63068301E55B90700E77634 /* ViewController.swift */; };
		F63068341E55B90700E77634 /* Main.storyboard in Resources */ = {isa = PBXBuildFile; fileRef = F63068321E55B90700E77634 /* Main.storyboard */; };
		F63068361E55B90700E77634 /* Assets.xcassets in Resources */ = {isa = PBXBuildFile; fileRef = F63068351E55B90700E77634 /* Assets.xcassets */; };
		F63068391E55B90700E77634 /* LaunchScreen.storyboard in Resources */ = {isa = PBXBuildFile; fileRef = F63068371E55B90700E77634 /* LaunchScreen.storyboard */; };
		F63068411E55D2E800E77634 /* Login.storyboard in Resources */ = {isa = PBXBuildFile; fileRef = F63068401E55D2E800E77634 /* Login.storyboard */; };
		F63068441E55D94B00E77634 /* LoginViewController.swift in Sources */ = {isa = PBXBuildFile; fileRef = F63068431E55D94B00E77634 /* LoginViewController.swift */; };
		F6882AB31E5C539800287867 /* SearchUIView.swift in Sources */ = {isa = PBXBuildFile; fileRef = F6882AB21E5C539800287867 /* SearchUIView.swift */; };
		F6882AB51E5C54FB00287867 /* LandingPageBottomUIView.swift in Sources */ = {isa = PBXBuildFile; fileRef = F6882AB41E5C54FB00287867 /* LandingPageBottomUIView.swift */; };
/* End PBXBuildFile section */

/* Begin PBXFileReference section */
		F630682B1E55B90700E77634 /* TAAHO.app */ = {isa = PBXFileReference; explicitFileType = wrapper.application; includeInIndex = 0; path = TAAHO.app; sourceTree = BUILT_PRODUCTS_DIR; };
		F630682E1E55B90700E77634 /* AppDelegate.swift */ = {isa = PBXFileReference; lastKnownFileType = sourcecode.swift; path = AppDelegate.swift; sourceTree = "<group>"; };
		F63068301E55B90700E77634 /* ViewController.swift */ = {isa = PBXFileReference; lastKnownFileType = sourcecode.swift; path = ViewController.swift; sourceTree = "<group>"; };
		F63068331E55B90700E77634 /* Base */ = {isa = PBXFileReference; lastKnownFileType = file.storyboard; name = Base; path = Base.lproj/Main.storyboard; sourceTree = "<group>"; };
		F63068351E55B90700E77634 /* Assets.xcassets */ = {isa = PBXFileReference; lastKnownFileType = folder.assetcatalog; path = Assets.xcassets; sourceTree = "<group>"; };
		F63068381E55B90700E77634 /* Base */ = {isa = PBXFileReference; lastKnownFileType = file.storyboard; name = Base; path = Base.lproj/LaunchScreen.storyboard; sourceTree = "<group>"; };
		F630683A1E55B90700E77634 /* Info.plist */ = {isa = PBXFileReference; lastKnownFileType = text.plist.xml; path = Info.plist; sourceTree = "<group>"; };
		F63068401E55D2E800E77634 /* Login.storyboard */ = {isa = PBXFileReference; fileEncoding = 4; lastKnownFileType = file.storyboard; path = Login.storyboard; sourceTree = "<group>"; };
		F63068431E55D94B00E77634 /* LoginViewController.swift */ = {isa = PBXFileReference; fileEncoding = 4; lastKnownFileType = sourcecode.swift; path = LoginViewController.swift; sourceTree = "<group>"; };
		F6882AB21E5C539800287867 /* SearchUIView.swift */ = {isa = PBXFileReference; fileEncoding = 4; lastKnownFileType = sourcecode.swift; path = SearchUIView.swift; sourceTree = "<group>"; };
		F6882AB41E5C54FB00287867 /* LandingPageBottomUIView.swift */ = {isa = PBXFileReference; fileEncoding = 4; lastKnownFileType = sourcecode.swift; path = LandingPageBottomUIView.swift; sourceTree = "<group>"; };
/* End PBXFileReference section */

/* Begin PBXFrameworksBuildPhase section */
		F63068281E55B90700E77634 /* Frameworks */ = {
			isa = PBXFrameworksBuildPhase;
			buildActionMask = 2147483647;
			files = (
			);
			runOnlyForDeploymentPostprocessing = 0;
		};
/* End PBXFrameworksBuildPhase section */

/* Begin PBXGroup section */
		F63068221E55B90700E77634 = {
			isa = PBXGroup;
			children = (
				F630682D1E55B90700E77634 /* TAAHO */,
				F630682C1E55B90700E77634 /* Products */,
			);
			sourceTree = "<group>";
		};
		F630682C1E55B90700E77634 /* Products */ = {
			isa = PBXGroup;
			children = (
				F630682B1E55B90700E77634 /* TAAHO.app */,
			);
			name = Products;
			sourceTree = "<group>";
		};
		F630682D1E55B90700E77634 /* TAAHO */ = {
			isa = PBXGroup;
			children = (
				F63068421E55D30800E77634 /* Login */,
				F630682E1E55B90700E77634 /* AppDelegate.swift */,
				F63068301E55B90700E77634 /* ViewController.swift */,
				F63068321E55B90700E77634 /* Main.storyboard */,
				F63068351E55B90700E77634 /* Assets.xcassets */,
				F63068371E55B90700E77634 /* LaunchScreen.storyboard */,
				F630683A1E55B90700E77634 /* Info.plist */,
			);
			path = TAAHO;
			sourceTree = "<group>";
		};
		F63068421E55D30800E77634 /* Login */ = {
			isa = PBXGroup;
			children = (
				F63068401E55D2E800E77634 /* Login.storyboard */,
				F63068431E55D94B00E77634 /* LoginViewController.swift */,
				F6882AB21E5C539800287867 /* SearchUIView.swift */,
				F6882AB41E5C54FB00287867 /* LandingPageBottomUIView.swift */,
			);
			name = Login;
			sourceTree = "<group>";
		};
/* End PBXGroup section */

/* Begin PBXNativeTarget section */
		F630682A1E55B90700E77634 /* TAAHO */ = {
			isa = PBXNativeTarget;
			buildConfigurationList = F630683D1E55B90700E77634 /* Build configuration list for PBXNativeTarget "TAAHO" */;
			buildPhases = (
				F63068271E55B90700E77634 /* Sources */,
				F63068281E55B90700E77634 /* Frameworks */,
				F63068291E55B90700E77634 /* Resources */,
			);
			buildRules = (
			);
			dependencies = (
			);
			name = TAAHO;
			productName = TAAHO;
			productReference = F630682B1E55B90700E77634 /* TAAHO.app */;
			productType = "com.apple.product-type.application";
		};
/* End PBXNativeTarget section */

/* Begin PBXProject section */
		F63068231E55B90700E77634 /* Project object */ = {
			isa = PBXProject;
			attributes = {
				LastSwiftUpdateCheck = 0820;
				LastUpgradeCheck = 0820;
				ORGANIZATIONNAME = "Susmit Singh";
				TargetAttributes = {
					F630682A1E55B90700E77634 = {
						CreatedOnToolsVersion = 8.2;
						DevelopmentTeam = S574S4PRWC;
						ProvisioningStyle = Automatic;
					};
				};
			};
			buildConfigurationList = F63068261E55B90700E77634 /* Build configuration list for PBXProject "TAAHO" */;
			compatibilityVersion = "Xcode 3.2";
			developmentRegion = English;
			hasScannedForEncodings = 0;
			knownRegions = (
				en,
				Base,
			);
			mainGroup = F63068221E55B90700E77634;
			productRefGroup = F630682C1E55B90700E77634 /* Products */;
			projectDirPath = "";
			projectRoot = "";
			targets = (
				F630682A1E55B90700E77634 /* TAAHO */,
			);
		};
/* End PBXProject section */

/* Begin PBXResourcesBuildPhase section */
		F63068291E55B90700E77634 /* Resources */ = {
			isa = PBXResourcesBuildPhase;
			buildActionMask = 2147483647;
			files = (
				F63068411E55D2E800E77634 /* Login.storyboard in Resources */,
				F63068391E55B90700E77634 /* LaunchScreen.storyboard in Resources */,
				F63068361E55B90700E77634 /* Assets.xcassets in Resources */,
				F63068341E55B90700E77634 /* Main.storyboard in Resources */,
			);
			runOnlyForDeploymentPostprocessing = 0;
		};
/* End PBXResourcesBuildPhase section */

/* Begin PBXSourcesBuildPhase section */
		F63068271E55B90700E77634 /* Sources */ = {
			isa = PBXSourcesBuildPhase;
			buildActionMask = 2147483647;
			files = (
				F6882AB31E5C539800287867 /* SearchUIView.swift in Sources */,
				F6882AB51E5C54FB00287867 /* LandingPageBottomUIView.swift in Sources */,
				F63068441E55D94B00E77634 /* LoginViewController.swift in Sources */,
				F63068311E55B90700E77634 /* ViewController.swift in Sources */,
				F630682F1E55B90700E77634 /* AppDelegate.swift in Sources */,
			);
			runOnlyForDeploymentPostprocessing = 0;
		};
/* End PBXSourcesBuildPhase section */

/* Begin PBXVariantGroup section */
		F63068321E55B90700E77634 /* Main.storyboard */ = {
			isa = PBXVariantGroup;
			children = (
				F63068331E55B90700E77634 /* Base */,
			);
			name = Main.storyboard;
			sourceTree = "<group>";
		};
		F63068371E55B90700E77634 /* LaunchScreen.storyboard */ = {
			isa = PBXVariantGroup;
			children = (
				F63068381E55B90700E77634 /* Base */,
			);
			name = LaunchScreen.storyboard;
			sourceTree = "<group>";
		};
/* End PBXVariantGroup section */

/* Begin XCBuildConfiguration section */
		F630683B1E55B90700E77634 /* Debug */ = {
			isa = XCBuildConfiguration;
			buildSettings = {
				ALWAYS_SEARCH_USER_PATHS = NO;
				CLANG_ANALYZER_NONNULL = YES;
				CLANG_CXX_LANGUAGE_STANDARD = "gnu++0x";
				CLANG_CXX_LIBRARY = "libc++";
				CLANG_ENABLE_MODULES = YES;
				CLANG_ENABLE_OBJC_ARC = YES;
				CLANG_WARN_BOOL_CONVERSION = YES;
				CLANG_WARN_CONSTANT_CONVERSION = YES;
				CLANG_WARN_DIRECT_OBJC_ISA_USAGE = YES_ERROR;
				CLANG_WARN_DOCUMENTATION_COMMENTS = YES;
				CLANG_WARN_EMPTY_BODY = YES;
				CLANG_WARN_ENUM_CONVERSION = YES;
				CLANG_WARN_INFINITE_RECURSION = YES;
				CLANG_WARN_INT_CONVERSION = YES;
				CLANG_WARN_OBJC_ROOT_CLASS = YES_ERROR;
				CLANG_WARN_SUSPICIOUS_MOVE = YES;
				CLANG_WARN_UNREACHABLE_CODE = YES;
				CLANG_WARN__DUPLICATE_METHOD_MATCH = YES;
				"CODE_SIGN_IDENTITY[sdk=iphoneos*]" = "iPhone Developer";
				COPY_PHASE_STRIP = NO;
				DEBUG_INFORMATION_FORMAT = dwarf;
				ENABLE_STRICT_OBJC_MSGSEND = YES;
				ENABLE_TESTABILITY = YES;
				GCC_C_LANGUAGE_STANDARD = gnu99;
				GCC_DYNAMIC_NO_PIC = NO;
				GCC_NO_COMMON_BLOCKS = YES;
				GCC_OPTIMIZATION_LEVEL = 0;
				GCC_PREPROCESSOR_DEFINITIONS = (
					"DEBUG=1",
					"$(inherited)",
				);
				GCC_WARN_64_TO_32_BIT_CONVERSION = YES;
				GCC_WARN_ABOUT_RETURN_TYPE = YES_ERROR;
				GCC_WARN_UNDECLARED_SELECTOR = YES;
				GCC_WARN_UNINITIALIZED_AUTOS = YES_AGGRESSIVE;
				GCC_WARN_UNUSED_FUNCTION = YES;
				GCC_WARN_UNUSED_VARIABLE = YES;
				IPHONEOS_DEPLOYMENT_TARGET = 10.2;
				MTL_ENABLE_DEBUG_INFO = YES;
				ONLY_ACTIVE_ARCH = YES;
				SDKROOT = iphoneos;
				SWIFT_ACTIVE_COMPILATION_CONDITIONS = DEBUG;
				SWIFT_OPTIMIZATION_LEVEL = "-Onone";
				TARGETED_DEVICE_FAMILY = "1,2";
			};
			name = Debug;
		};
		F630683C1E55B90700E77634 /* Release */ = {
			isa = XCBuildConfiguration;
			buildSettings = {
				ALWAYS_SEARCH_USER_PATHS = NO;
				CLANG_ANALYZER_NONNULL = YES;
				CLANG_CXX_LANGUAGE_STANDARD = "gnu++0x";
				CLANG_CXX_LIBRARY = "libc++";
				CLANG_ENABLE_MODULES = YES;
				CLANG_ENABLE_OBJC_ARC = YES;
				CLANG_WARN_BOOL_CONVERSION = YES;
				CLANG_WARN_CONSTANT_CONVERSION = YES;
				CLANG_WARN_DIRECT_OBJC_ISA_USAGE = YES_ERROR;
				CLANG_WARN_DOCUMENTATION_COMMENTS = YES;
				CLANG_WARN_EMPTY_BODY = YES;
				CLANG_WARN_ENUM_CONVERSION = YES;
				CLANG_WARN_INFINITE_RECURSION = YES;
				CLANG_WARN_INT_CONVERSION = YES;
				CLANG_WARN_OBJC_ROOT_CLASS = YES_ERROR;
				CLANG_WARN_SUSPICIOUS_MOVE = YES;
				CLANG_WARN_UNREACHABLE_CODE = YES;
				CLANG_WARN__DUPLICATE_METHOD_MATCH = YES;
				"CODE_SIGN_IDENTITY[sdk=iphoneos*]" = "iPhone Developer";
				COPY_PHASE_STRIP = NO;
				DEBUG_INFORMATION_FORMAT = "dwarf-with-dsym";
				ENABLE_NS_ASSERTIONS = NO;
				ENABLE_STRICT_OBJC_MSGSEND = YES;
				GCC_C_LANGUAGE_STANDARD = gnu99;
				GCC_NO_COMMON_BLOCKS = YES;
				GCC_WARN_64_TO_32_BIT_CONVERSION = YES;
				GCC_WARN_ABOUT_RETURN_TYPE = YES_ERROR;
				GCC_WARN_UNDECLARED_SELECTOR = YES;
				GCC_WARN_UNINITIALIZED_AUTOS = YES_AGGRESSIVE;
				GCC_WARN_UNUSED_FUNCTION = YES;
				GCC_WARN_UNUSED_VARIABLE = YES;
				IPHONEOS_DEPLOYMENT_TARGET = 10.2;
				MTL_ENABLE_DEBUG_INFO = NO;
				SDKROOT = iphoneos;
				SWIFT_OPTIMIZATION_LEVEL = "-Owholemodule";
				TARGETED_DEVICE_FAMILY = "1,2";
				VALIDATE_PRODUCT = YES;
			};
			name = Release;
		};
		F630683E1E55B90700E77634 /* Debug */ = {
			isa = XCBuildConfiguration;
			buildSettings = {
				ASSETCATALOG_COMPILER_APPICON_NAME = AppIcon;
				DEVELOPMENT_TEAM = S574S4PRWC;
				INFOPLIST_FILE = TAAHO/Info.plist;
				LD_RUNPATH_SEARCH_PATHS = "$(inherited) @executable_path/Frameworks";
				PRODUCT_BUNDLE_IDENTIFIER = Personal.TAAHO;
				PRODUCT_NAME = "$(TARGET_NAME)";
				SWIFT_VERSION = 3.0;
			};
			name = Debug;
		};
		F630683F1E55B90700E77634 /* Release */ = {
			isa = XCBuildConfiguration;
			buildSettings = {
				ASSETCATALOG_COMPILER_APPICON_NAME = AppIcon;
				DEVELOPMENT_TEAM = S574S4PRWC;
				INFOPLIST_FILE = TAAHO/Info.plist;
				LD_RUNPATH_SEARCH_PATHS = "$(inherited) @executable_path/Frameworks";
				PRODUCT_BUNDLE_IDENTIFIER = Personal.TAAHO;
				PRODUCT_NAME = "$(TARGET_NAME)";
				SWIFT_VERSION = 3.0;
			};
			name = Release;
		};
/* End XCBuildConfiguration section */

/* Begin XCConfigurationList section */
		F63068261E55B90700E77634 /* Build configuration list for PBXProject "TAAHO" */ = {
			isa = XCConfigurationList;
			buildConfigurations = (
				F630683B1E55B90700E77634 /* Debug */,
				F630683C1E55B90700E77634 /* Release */,
			);
			defaultConfigurationIsVisible = 0;
			defaultConfigurationName = Release;
		};
		F630683D1E55B90700E77634 /* Build configuration list for PBXNativeTarget "TAAHO" */ = {
			isa = XCConfigurationList;
			buildConfigurations = (
				F630683E1E55B90700E77634 /* Debug */,
				F630683F1E55B90700E77634 /* Release */,
			);
			defaultConfigurationIsVisible = 0;
			defaultConfigurationName = Release;
		};
/* End XCConfigurationList section */
	};
	rootObject = F63068231E55B90700E77634 /* Project object */;
}
